
Microsoft Visual Studio Solution File, Format Version 12.00
# Visual Studio Version 17
VisualStudioVersion = 17.5.33516.290
MinimumVisualStudioVersion = 10.0.40219.1
Project("{FAE04EC0-301F-11D3-BF4B-00C04F79EFBC}") = "WebApplication1", "WebApplication1\WebApplication1.csproj", "{3A0C9CAD-39B6-4FE1-B964-88C55B51749B}"
EndProject
Global
	GlobalSection(SolutionConfigurationPlatforms) = preSolution
		Debug|Any CPU = Debug|Any CPU
		Release|Any CPU = Release|Any CPU
	EndGlobalSection
	GlobalSection(ProjectConfigurationPlatforms) = postSolution
		{3A0C9CAD-39B6-4FE1-B964-88C55B51749B}.Debug|Any CPU.ActiveCfg = Debug|Any CPU
		{3A0C9CAD-39B6-4FE1-B964-88C55B51749B}.Debug|Any CPU.Build.0 = Debug|Any CPU
		{3A0C9CAD-39B6-4FE1-B964-88C55B51749B}.Release|Any CPU.ActiveCfg = Release|Any CPU
		{3A0C9CAD-39B6-4FE1-B964-88C55B51749B}.Release|Any CPU.Build.0 = Release|Any CPU
	EndGlobalSection
	GlobalSection(SolutionProperties) = preSolution
		HideSolutionNode = FALSE
	EndGlobalSection
	GlobalSection(ExtensibilityGlobals) = postSolution
		SolutionGuid = {C65EF40A-2017-4E25-8E13-BE7C350A9330}
	EndGlobalSection
EndGlobal
