
Microsoft Visual Studio Solution File, Format Version 12.00
# Visual Studio Version 17
VisualStudioVersion = 17.5.33516.290
MinimumVisualStudioVersion = 10.0.40219.1
Project("{FAE04EC0-301F-11D3-BF4B-00C04F79EFBC}") = "WebApplication1", "WebApplication1\WebApplication1.csproj", "{5007A45E-C4C1-40C8-88EB-1F8AFC57D89F}"
EndProject
Global
	GlobalSection(SolutionConfigurationPlatforms) = preSolution
		Debug|Any CPU = Debug|Any CPU
		Release|Any CPU = Release|Any CPU
	EndGlobalSection
	GlobalSection(ProjectConfigurationPlatforms) = postSolution
		{5007A45E-C4C1-40C8-88EB-1F8AFC57D89F}.Debug|Any CPU.ActiveCfg = Debug|Any CPU
		{5007A45E-C4C1-40C8-88EB-1F8AFC57D89F}.Debug|Any CPU.Build.0 = Debug|Any CPU
		{5007A45E-C4C1-40C8-88EB-1F8AFC57D89F}.Release|Any CPU.ActiveCfg = Release|Any CPU
		{5007A45E-C4C1-40C8-88EB-1F8AFC57D89F}.Release|Any CPU.Build.0 = Release|Any CPU
	EndGlobalSection
	GlobalSection(SolutionProperties) = preSolution
		HideSolutionNode = FALSE
	EndGlobalSection
	GlobalSection(ExtensibilityGlobals) = postSolution
		SolutionGuid = {BFB2CB1A-B04C-46D4-8C74-3F0F4DA4A767}
	EndGlobalSection
EndGlobal
