
Microsoft Visual Studio Solution File, Format Version 12.00
# Visual Studio Version 17
VisualStudioVersion = 17.5.33516.290
MinimumVisualStudioVersion = 10.0.40219.1
Project("{FAE04EC0-301F-11D3-BF4B-00C04F79EFBC}") = "CatalogAPI", "CatalogAPI\CatalogAPI.csproj", "{8A5D49FE-BBD7-45FB-BA33-E693446556C1}"
EndProject
Global
	GlobalSection(SolutionConfigurationPlatforms) = preSolution
		Debug|Any CPU = Debug|Any CPU
		Release|Any CPU = Release|Any CPU
	EndGlobalSection
	GlobalSection(ProjectConfigurationPlatforms) = postSolution
		{8A5D49FE-BBD7-45FB-BA33-E693446556C1}.Debug|Any CPU.ActiveCfg = Debug|Any CPU
		{8A5D49FE-BBD7-45FB-BA33-E693446556C1}.Debug|Any CPU.Build.0 = Debug|Any CPU
		{8A5D49FE-BBD7-45FB-BA33-E693446556C1}.Release|Any CPU.ActiveCfg = Release|Any CPU
		{8A5D49FE-BBD7-45FB-BA33-E693446556C1}.Release|Any CPU.Build.0 = Release|Any CPU
	EndGlobalSection
	GlobalSection(SolutionProperties) = preSolution
		HideSolutionNode = FALSE
	EndGlobalSection
	GlobalSection(ExtensibilityGlobals) = postSolution
		SolutionGuid = {F37E44A1-06D9-4047-9E5D-0705168DF815}
	EndGlobalSection
EndGlobal
